
Microsoft Visual Studio Solution File, Format Version 12.00
# Visual Studio Version 16
VisualStudioVersion = 16.0.29102.190
MinimumVisualStudioVersion = 10.0.40219.1
Project("{9A19103F-16F7-4668-BE54-9A1E7A4F7556}") = "EcotimeMobileAPI", "EcotimeMobileAPI.csproj", "{9A9D8D56-6C57-4026-A5D7-13BE77AA375F}"
EndProject
Global
	GlobalSection(SolutionConfigurationPlatforms) = preSolution
		Debug|Any CPU = Debug|Any CPU
		Release|Any CPU = Release|Any CPU
	EndGlobalSection
	GlobalSection(ProjectConfigurationPlatforms) = postSolution
		{9A9D8D56-6C57-4026-A5D7-13BE77AA375F}.Debug|Any CPU.ActiveCfg = Debug|Any CPU
		{9A9D8D56-6C57-4026-A5D7-13BE77AA375F}.Debug|Any CPU.Build.0 = Debug|Any CPU
		{9A9D8D56-6C57-4026-A5D7-13BE77AA375F}.Release|Any CPU.ActiveCfg = Release|Any CPU
		{9A9D8D56-6C57-4026-A5D7-13BE77AA375F}.Release|Any CPU.Build.0 = Release|Any CPU
	EndGlobalSection
	GlobalSection(SolutionProperties) = preSolution
		HideSolutionNode = FALSE
	EndGlobalSection
	GlobalSection(ExtensibilityGlobals) = postSolution
		SolutionGuid = {91454601-601F-4E80-BE3A-95080DA0DF8F}
	EndGlobalSection
	GlobalSection(TeamFoundationVersionControl) = preSolution
		SccNumberOfProjects = 2
		SccEnterpriseProvider = {4CA58AB2-18FA-4F8D-95D4-32DDF27D184C}
		SccTeamFoundationServer = http://hbsteamserver:8080/tfs/hbs%20collection
		SccLocalPath0 = .
		SccProjectUniqueName1 = EcotimeMobileAPI.csproj
		SccLocalPath1 = .
	EndGlobalSection
EndGlobal
